// !$*UTF8*$!
{
	archiveVersion = 1;
	classes = {
	};
	objectVersion = 50;
	objects = {

/* Begin PBXBuildFile section */
		4E4D229122165CCD0013DD7D /* Result.storyboard in Resources */ = {isa = PBXBuildFile; fileRef = 4E4D229022165CCD0013DD7D /* Result.storyboard */; };
		4E4D229322165D0F0013DD7D /* ResultViewController.swift in Sources */ = {isa = PBXBuildFile; fileRef = 4E4D229222165D0F0013DD7D /* ResultViewController.swift */; };
		4E4D229522165EC80013DD7D /* BubbleTransition.framework in Frameworks */ = {isa = PBXBuildFile; fileRef = 4E4D229422165EC80013DD7D /* BubbleTransition.framework */; };
		4E78E055221273830041EE18 /* AppDelegate.swift in Sources */ = {isa = PBXBuildFile; fileRef = 4E78E054221273830041EE18 /* AppDelegate.swift */; };
		4E78E057221273830041EE18 /* QuestionsViewController.swift in Sources */ = {isa = PBXBuildFile; fileRef = 4E78E056221273830041EE18 /* QuestionsViewController.swift */; };
		4E78E05A221273830041EE18 /* Questions.storyboard in Resources */ = {isa = PBXBuildFile; fileRef = 4E78E058221273830041EE18 /* Questions.storyboard */; };
		4E78E05C221273850041EE18 /* Assets.xcassets in Resources */ = {isa = PBXBuildFile; fileRef = 4E78E05B221273850041EE18 /* Assets.xcassets */; };
		4E78E05F221273850041EE18 /* LaunchScreen.storyboard in Resources */ = {isa = PBXBuildFile; fileRef = 4E78E05D221273850041EE18 /* LaunchScreen.storyboard */; };
		4E78E07122127AFD0041EE18 /* RxBlocking.framework in Frameworks */ = {isa = PBXBuildFile; fileRef = 4E78E06C22127AFD0041EE18 /* RxBlocking.framework */; };
		4E78E07222127AFD0041EE18 /* RxSwift.framework in Frameworks */ = {isa = PBXBuildFile; fileRef = 4E78E06D22127AFD0041EE18 /* RxSwift.framework */; };
		4E78E07322127AFD0041EE18 /* RxAtomic.framework in Frameworks */ = {isa = PBXBuildFile; fileRef = 4E78E06E22127AFD0041EE18 /* RxAtomic.framework */; };
		4E78E07422127AFD0041EE18 /* RxCocoa.framework in Frameworks */ = {isa = PBXBuildFile; fileRef = 4E78E06F22127AFD0041EE18 /* RxCocoa.framework */; };
		4E78E0A6221289AF0041EE18 /* LocalizableStrings.swift in Sources */ = {isa = PBXBuildFile; fileRef = 4E78E0A2221289AF0041EE18 /* LocalizableStrings.swift */; };
		4E78E0A7221289AF0041EE18 /* Assets.swift in Sources */ = {isa = PBXBuildFile; fileRef = 4E78E0A3221289AF0041EE18 /* Assets.swift */; };
		4E78E0A8221289AF0041EE18 /* StoryboardSegues.swift in Sources */ = {isa = PBXBuildFile; fileRef = 4E78E0A4221289AF0041EE18 /* StoryboardSegues.swift */; };
		4E78E0A9221289AF0041EE18 /* StoryboardScenes.swift in Sources */ = {isa = PBXBuildFile; fileRef = 4E78E0A5221289AF0041EE18 /* StoryboardScenes.swift */; };
		4E78E0AE2212B1240041EE18 /* Localizable.strings in Resources */ = {isa = PBXBuildFile; fileRef = 4E78E0AD2212B1240041EE18 /* Localizable.strings */; };
		A0353C4F2217429500695801 /* Const.swift in Sources */ = {isa = PBXBuildFile; fileRef = A0353C4E2217429500695801 /* Const.swift */; };
		E2CA4DA17D6AC0C92F0DBD4D /* Pods_HappyLottery.framework in Frameworks */ = {isa = PBXBuildFile; fileRef = A451DE576C62DBDD9FB9217B /* Pods_HappyLottery.framework */; };
/* End PBXBuildFile section */

/* Begin PBXFileReference section */
		4E4D229022165CCD0013DD7D /* Result.storyboard */ = {isa = PBXFileReference; lastKnownFileType = file.storyboard; path = Result.storyboard; sourceTree = "<group>"; };
		4E4D229222165D0F0013DD7D /* ResultViewController.swift */ = {isa = PBXFileReference; lastKnownFileType = sourcecode.swift; path = ResultViewController.swift; sourceTree = "<group>"; };
		4E4D229422165EC80013DD7D /* BubbleTransition.framework */ = {isa = PBXFileReference; lastKnownFileType = wrapper.framework; name = BubbleTransition.framework; path = Carthage/Build/iOS/BubbleTransition.framework; sourceTree = "<group>"; };
		4E78E051221273830041EE18 /* HappyLottery.app */ = {isa = PBXFileReference; explicitFileType = wrapper.application; includeInIndex = 0; path = HappyLottery.app; sourceTree = BUILT_PRODUCTS_DIR; };
		4E78E054221273830041EE18 /* AppDelegate.swift */ = {isa = PBXFileReference; lastKnownFileType = sourcecode.swift; path = AppDelegate.swift; sourceTree = "<group>"; };
		4E78E056221273830041EE18 /* QuestionsViewController.swift */ = {isa = PBXFileReference; lastKnownFileType = sourcecode.swift; path = QuestionsViewController.swift; sourceTree = "<group>"; };
		4E78E059221273830041EE18 /* Base */ = {isa = PBXFileReference; lastKnownFileType = file.storyboard; name = Base; path = Base.lproj/Questions.storyboard; sourceTree = "<group>"; };
		4E78E05B221273850041EE18 /* Assets.xcassets */ = {isa = PBXFileReference; lastKnownFileType = folder.assetcatalog; path = Assets.xcassets; sourceTree = "<group>"; };
		4E78E05E221273850041EE18 /* Base */ = {isa = PBXFileReference; lastKnownFileType = file.storyboard; name = Base; path = Base.lproj/LaunchScreen.storyboard; sourceTree = "<group>"; };
		4E78E060221273850041EE18 /* Info.plist */ = {isa = PBXFileReference; lastKnownFileType = text.plist.xml; path = Info.plist; sourceTree = "<group>"; };
		4E78E06C22127AFD0041EE18 /* RxBlocking.framework */ = {isa = PBXFileReference; lastKnownFileType = wrapper.framework; name = RxBlocking.framework; path = Carthage/Build/iOS/RxBlocking.framework; sourceTree = "<group>"; };
		4E78E06D22127AFD0041EE18 /* RxSwift.framework */ = {isa = PBXFileReference; lastKnownFileType = wrapper.framework; name = RxSwift.framework; path = Carthage/Build/iOS/RxSwift.framework; sourceTree = "<group>"; };
		4E78E06E22127AFD0041EE18 /* RxAtomic.framework */ = {isa = PBXFileReference; lastKnownFileType = wrapper.framework; name = RxAtomic.framework; path = Carthage/Build/iOS/RxAtomic.framework; sourceTree = "<group>"; };
		4E78E06F22127AFD0041EE18 /* RxCocoa.framework */ = {isa = PBXFileReference; lastKnownFileType = wrapper.framework; name = RxCocoa.framework; path = Carthage/Build/iOS/RxCocoa.framework; sourceTree = "<group>"; };
		4E78E07022127AFD0041EE18 /* RxTest.framework */ = {isa = PBXFileReference; lastKnownFileType = wrapper.framework; name = RxTest.framework; path = Carthage/Build/iOS/RxTest.framework; sourceTree = "<group>"; };
		4E78E0A2221289AF0041EE18 /* LocalizableStrings.swift */ = {isa = PBXFileReference; fileEncoding = 4; lastKnownFileType = sourcecode.swift; name = LocalizableStrings.swift; path = HappyLottery/Utils/Generated/LocalizableStrings.swift; sourceTree = SOURCE_ROOT; };
		4E78E0A3221289AF0041EE18 /* Assets.swift */ = {isa = PBXFileReference; fileEncoding = 4; lastKnownFileType = sourcecode.swift; name = Assets.swift; path = HappyLottery/Utils/Generated/Assets.swift; sourceTree = SOURCE_ROOT; };
		4E78E0A4221289AF0041EE18 /* StoryboardSegues.swift */ = {isa = PBXFileReference; fileEncoding = 4; lastKnownFileType = sourcecode.swift; name = StoryboardSegues.swift; path = HappyLottery/Utils/Generated/StoryboardSegues.swift; sourceTree = SOURCE_ROOT; };
		4E78E0A5221289AF0041EE18 /* StoryboardScenes.swift */ = {isa = PBXFileReference; fileEncoding = 4; lastKnownFileType = sourcecode.swift; name = StoryboardScenes.swift; path = HappyLottery/Utils/Generated/StoryboardScenes.swift; sourceTree = SOURCE_ROOT; };
		4E78E0AD2212B1240041EE18 /* Localizable.strings */ = {isa = PBXFileReference; fileEncoding = 4; lastKnownFileType = text.plist.strings; path = Localizable.strings; sourceTree = "<group>"; };
		5E7922D2C70B4F4D8EEFD1CC /* Pods-HappyLottery.debug.xcconfig */ = {isa = PBXFileReference; includeInIndex = 1; lastKnownFileType = text.xcconfig; name = "Pods-HappyLottery.debug.xcconfig"; path = "Target Support Files/Pods-HappyLottery/Pods-HappyLottery.debug.xcconfig"; sourceTree = "<group>"; };
		6EDC0746CED60390B78D7CFE /* Pods-HappyLottery.release.xcconfig */ = {isa = PBXFileReference; includeInIndex = 1; lastKnownFileType = text.xcconfig; name = "Pods-HappyLottery.release.xcconfig"; path = "Target Support Files/Pods-HappyLottery/Pods-HappyLottery.release.xcconfig"; sourceTree = "<group>"; };
		A0353C4E2217429500695801 /* Const.swift */ = {isa = PBXFileReference; lastKnownFileType = sourcecode.swift; path = Const.swift; sourceTree = "<group>"; };
		A451DE576C62DBDD9FB9217B /* Pods_HappyLottery.framework */ = {isa = PBXFileReference; explicitFileType = wrapper.framework; includeInIndex = 0; path = Pods_HappyLottery.framework; sourceTree = BUILT_PRODUCTS_DIR; };
/* End PBXFileReference section */

/* Begin PBXFrameworksBuildPhase section */
		4E78E04E221273830041EE18 /* Frameworks */ = {
			isa = PBXFrameworksBuildPhase;
			buildActionMask = 2147483647;
			files = (
				4E4D229522165EC80013DD7D /* BubbleTransition.framework in Frameworks */,
				4E78E07122127AFD0041EE18 /* RxBlocking.framework in Frameworks */,
				4E78E07222127AFD0041EE18 /* RxSwift.framework in Frameworks */,
				4E78E07322127AFD0041EE18 /* RxAtomic.framework in Frameworks */,
				4E78E07422127AFD0041EE18 /* RxCocoa.framework in Frameworks */,
				E2CA4DA17D6AC0C92F0DBD4D /* Pods_HappyLottery.framework in Frameworks */,
			);
			runOnlyForDeploymentPostprocessing = 0;
		};
/* End PBXFrameworksBuildPhase section */

/* Begin PBXGroup section */
		4E78E048221273830041EE18 = {
			isa = PBXGroup;
			children = (
				4E78E053221273830041EE18 /* HappyLottery */,
				4E78E052221273830041EE18 /* Products */,
				CF74006B5ABEBBDEAD122494 /* Pods */,
				ABE6D5BEB11084B686C3AAB2 /* Frameworks */,
			);
			sourceTree = "<group>";
		};
		4E78E052221273830041EE18 /* Products */ = {
			isa = PBXGroup;
			children = (
				4E78E051221273830041EE18 /* HappyLottery.app */,
			);
			name = Products;
			sourceTree = "<group>";
		};
		4E78E053221273830041EE18 /* HappyLottery */ = {
			isa = PBXGroup;
			children = (
				4E78E06622127A140041EE18 /* UserInterface */,
				4E78E06722127A330041EE18 /* ViewControllers */,
				4E78E06822127A4F0041EE18 /* Resources */,
				4E78E06922127A660041EE18 /* Units */,
				4E78E06B22127A920041EE18 /* SupportingFiles */,
			);
			path = HappyLottery;
			sourceTree = "<group>";
		};
		4E78E06622127A140041EE18 /* UserInterface */ = {
			isa = PBXGroup;
			children = (
				4E78E05D221273850041EE18 /* LaunchScreen.storyboard */,
				4E78E058221273830041EE18 /* Questions.storyboard */,
				4E4D229022165CCD0013DD7D /* Result.storyboard */,
			);
			path = UserInterface;
			sourceTree = "<group>";
		};
		4E78E06722127A330041EE18 /* ViewControllers */ = {
			isa = PBXGroup;
			children = (
				4E78E054221273830041EE18 /* AppDelegate.swift */,
				4E78E056221273830041EE18 /* QuestionsViewController.swift */,
				4E4D229222165D0F0013DD7D /* ResultViewController.swift */,
			);
			path = ViewControllers;
			sourceTree = "<group>";
		};
		4E78E06822127A4F0041EE18 /* Resources */ = {
			isa = PBXGroup;
			children = (
				4E78E0AC2212B1240041EE18 /* Strings */,
				4E78E05B221273850041EE18 /* Assets.xcassets */,
			);
			path = Resources;
			sourceTree = "<group>";
		};
		4E78E06922127A660041EE18 /* Units */ = {
			isa = PBXGroup;
			children = (
				4E78E06A22127A750041EE18 /* Generated */,
				A0353C4E2217429500695801 /* Const.swift */,
			);
			name = Units;
			path = Utils;
			sourceTree = "<group>";
		};
		4E78E06A22127A750041EE18 /* Generated */ = {
			isa = PBXGroup;
			children = (
				4E78E0A3221289AF0041EE18 /* Assets.swift */,
				4E78E0A2221289AF0041EE18 /* LocalizableStrings.swift */,
				4E78E0A5221289AF0041EE18 /* StoryboardScenes.swift */,
				4E78E0A4221289AF0041EE18 /* StoryboardSegues.swift */,
			);
			path = Generated;
			sourceTree = "<group>";
		};
		4E78E06B22127A920041EE18 /* SupportingFiles */ = {
			isa = PBXGroup;
			children = (
				4E78E060221273850041EE18 /* Info.plist */,
			);
			path = SupportingFiles;
			sourceTree = "<group>";
		};
		4E78E0AC2212B1240041EE18 /* Strings */ = {
			isa = PBXGroup;
			children = (
				4E78E0AD2212B1240041EE18 /* Localizable.strings */,
			);
			path = Strings;
			sourceTree = "<group>";
		};
		ABE6D5BEB11084B686C3AAB2 /* Frameworks */ = {
			isa = PBXGroup;
			children = (
				4E4D229422165EC80013DD7D /* BubbleTransition.framework */,
				4E78E06E22127AFD0041EE18 /* RxAtomic.framework */,
				4E78E06C22127AFD0041EE18 /* RxBlocking.framework */,
				4E78E06F22127AFD0041EE18 /* RxCocoa.framework */,
				4E78E06D22127AFD0041EE18 /* RxSwift.framework */,
				4E78E07022127AFD0041EE18 /* RxTest.framework */,
				A451DE576C62DBDD9FB9217B /* Pods_HappyLottery.framework */,
			);
			name = Frameworks;
			sourceTree = "<group>";
		};
		CF74006B5ABEBBDEAD122494 /* Pods */ = {
			isa = PBXGroup;
			children = (
				5E7922D2C70B4F4D8EEFD1CC /* Pods-HappyLottery.debug.xcconfig */,
				6EDC0746CED60390B78D7CFE /* Pods-HappyLottery.release.xcconfig */,
			);
			path = Pods;
			sourceTree = "<group>";
		};
/* End PBXGroup section */

/* Begin PBXNativeTarget section */
		4E78E050221273830041EE18 /* HappyLottery */ = {
			isa = PBXNativeTarget;
			buildConfigurationList = 4E78E063221273850041EE18 /* Build configuration list for PBXNativeTarget "HappyLottery" */;
			buildPhases = (
				7ABFE1A472A78A121D243D35 /* [CP] Check Pods Manifest.lock */,
				4E78E04D221273830041EE18 /* Sources */,
				4E78E04E221273830041EE18 /* Frameworks */,
				4E78E04F221273830041EE18 /* Resources */,
				4E78E07622127B090041EE18 /* Carthage Copy Frameworks */,
				4E78E07722127BC90041EE18 /* Swiftlint */,
				4E78E07922127BEE0041EE18 /* SwiftGen */,
			);
			buildRules = (
			);
			dependencies = (
			);
			name = HappyLottery;
			productName = HappyLottery;
			productReference = 4E78E051221273830041EE18 /* HappyLottery.app */;
			productType = "com.apple.product-type.application";
		};
/* End PBXNativeTarget section */

/* Begin PBXProject section */
		4E78E049221273830041EE18 /* Project object */ = {
			isa = PBXProject;
			attributes = {
				LastSwiftUpdateCheck = 1010;
				LastUpgradeCheck = 1010;
				ORGANIZATIONNAME = hisayasugita;
				TargetAttributes = {
					4E78E050221273830041EE18 = {
						CreatedOnToolsVersion = 10.1;
					};
				};
			};
			buildConfigurationList = 4E78E04C221273830041EE18 /* Build configuration list for PBXProject "HappyLottery" */;
			compatibilityVersion = "Xcode 9.3";
			developmentRegion = en;
			hasScannedForEncodings = 0;
			knownRegions = (
				en,
				Base,
			);
			mainGroup = 4E78E048221273830041EE18;
			productRefGroup = 4E78E052221273830041EE18 /* Products */;
			projectDirPath = "";
			projectRoot = "";
			targets = (
				4E78E050221273830041EE18 /* HappyLottery */,
			);
		};
/* End PBXProject section */

/* Begin PBXResourcesBuildPhase section */
		4E78E04F221273830041EE18 /* Resources */ = {
			isa = PBXResourcesBuildPhase;
			buildActionMask = 2147483647;
			files = (
				4E4D229122165CCD0013DD7D /* Result.storyboard in Resources */,
				4E78E05F221273850041EE18 /* LaunchScreen.storyboard in Resources */,
				4E78E0AE2212B1240041EE18 /* Localizable.strings in Resources */,
				4E78E05C221273850041EE18 /* Assets.xcassets in Resources */,
				4E78E05A221273830041EE18 /* Questions.storyboard in Resources */,
			);
			runOnlyForDeploymentPostprocessing = 0;
		};
/* End PBXResourcesBuildPhase section */

/* Begin PBXShellScriptBuildPhase section */
		4E78E07622127B090041EE18 /* Carthage Copy Frameworks */ = {
			isa = PBXShellScriptBuildPhase;
			buildActionMask = 2147483647;
			files = (
			);
			inputFileListPaths = (
			);
			inputPaths = (
				"$(SRCROOT)/Carthage/Build/iOS/RxAtomic.framework",
				"$(SRCROOT)/Carthage/Build/iOS/RxBlocking.framework",
				"$(SRCROOT)/Carthage/Build/iOS/RxCocoa.framework",
				"$(SRCROOT)/Carthage/Build/iOS/RxSwift.framework",
				"$(SRCROOT)/Carthage/Build/iOS/BubbleTransition.framework",
			);
			name = "Carthage Copy Frameworks";
			outputFileListPaths = (
			);
			outputPaths = (
			);
			runOnlyForDeploymentPostprocessing = 0;
			shellPath = /bin/sh;
			shellScript = "/usr/local/bin/carthage copy-frameworks\n";
		};
		4E78E07722127BC90041EE18 /* Swiftlint */ = {
			isa = PBXShellScriptBuildPhase;
			buildActionMask = 2147483647;
			files = (
			);
			inputFileListPaths = (
			);
			inputPaths = (
			);
			name = Swiftlint;
			outputFileListPaths = (
			);
			outputPaths = (
			);
			runOnlyForDeploymentPostprocessing = 0;
			shellPath = /bin/sh;
			shellScript = "if which \"${PODS_ROOT}/SwiftLint/swiftlint\" >/dev/null; then\n\"${PODS_ROOT}/SwiftLint/swiftlint\"\nelse\necho \"SwiftLint does not exist, download from https://github.com/realm/SwiftLint\"\nfi\n";
		};
		4E78E07922127BEE0041EE18 /* SwiftGen */ = {
			isa = PBXShellScriptBuildPhase;
			buildActionMask = 2147483647;
			files = (
			);
			inputFileListPaths = (
			);
			inputPaths = (
			);
			name = SwiftGen;
			outputFileListPaths = (
			);
			outputPaths = (
				"$(SRCROOT)/HappyLottery/Utils/Generated/LocalizableStrings.swift",
				"$(SRCROOT)/HappyLottery/Utils/Generated/StoryboardScenes.swift",
				"$(SRCROOT)/HappyLottery/Utils/Generated/StoryboardSegues.swift",
				"$(SRCROOT)/HappyLottery/Utils/Generated/Assets.swift",
			);
			runOnlyForDeploymentPostprocessing = 0;
			shellPath = /bin/sh;
			shellScript = "$PODS_ROOT/SwiftGen/bin/swiftgen\n";
		};
		7ABFE1A472A78A121D243D35 /* [CP] Check Pods Manifest.lock */ = {
			isa = PBXShellScriptBuildPhase;
			buildActionMask = 2147483647;
			files = (
			);
			inputFileListPaths = (
			);
			inputPaths = (
				"${PODS_PODFILE_DIR_PATH}/Podfile.lock",
				"${PODS_ROOT}/Manifest.lock",
			);
			name = "[CP] Check Pods Manifest.lock";
			outputFileListPaths = (
			);
			outputPaths = (
				"$(DERIVED_FILE_DIR)/Pods-HappyLottery-checkManifestLockResult.txt",
			);
			runOnlyForDeploymentPostprocessing = 0;
			shellPath = /bin/sh;
			shellScript = "diff \"${PODS_PODFILE_DIR_PATH}/Podfile.lock\" \"${PODS_ROOT}/Manifest.lock\" > /dev/null\nif [ $? != 0 ] ; then\n    # print error to STDERR\n    echo \"error: The sandbox is not in sync with the Podfile.lock. Run 'pod install' or update your CocoaPods installation.\" >&2\n    exit 1\nfi\n# This output is used by Xcode 'outputs' to avoid re-running this script phase.\necho \"SUCCESS\" > \"${SCRIPT_OUTPUT_FILE_0}\"\n";
			showEnvVarsInLog = 0;
		};
/* End PBXShellScriptBuildPhase section */

/* Begin PBXSourcesBuildPhase section */
		4E78E04D221273830041EE18 /* Sources */ = {
			isa = PBXSourcesBuildPhase;
			buildActionMask = 2147483647;
			files = (
				4E78E057221273830041EE18 /* QuestionsViewController.swift in Sources */,
				4E78E0A6221289AF0041EE18 /* LocalizableStrings.swift in Sources */,
				4E4D229322165D0F0013DD7D /* ResultViewController.swift in Sources */,
				4E78E0A8221289AF0041EE18 /* StoryboardSegues.swift in Sources */,
				4E78E0A7221289AF0041EE18 /* Assets.swift in Sources */,
				A0353C4F2217429500695801 /* Const.swift in Sources */,
				4E78E055221273830041EE18 /* AppDelegate.swift in Sources */,
				4E78E0A9221289AF0041EE18 /* StoryboardScenes.swift in Sources */,
			);
			runOnlyForDeploymentPostprocessing = 0;
		};
/* End PBXSourcesBuildPhase section */

/* Begin PBXVariantGroup section */
		4E78E058221273830041EE18 /* Questions.storyboard */ = {
			isa = PBXVariantGroup;
			children = (
				4E78E059221273830041EE18 /* Base */,
			);
			name = Questions.storyboard;
			sourceTree = "<group>";
		};
		4E78E05D221273850041EE18 /* LaunchScreen.storyboard */ = {
			isa = PBXVariantGroup;
			children = (
				4E78E05E221273850041EE18 /* Base */,
			);
			name = LaunchScreen.storyboard;
			sourceTree = "<group>";
		};
/* End PBXVariantGroup section */

/* Begin XCBuildConfiguration section */
		4E78E061221273850041EE18 /* Debug */ = {
			isa = XCBuildConfiguration;
			buildSettings = {
				ALWAYS_SEARCH_USER_PATHS = NO;
				CLANG_ANALYZER_NONNULL = YES;
				CLANG_ANALYZER_NUMBER_OBJECT_CONVERSION = YES_AGGRESSIVE;
				CLANG_CXX_LANGUAGE_STANDARD = "gnu++14";
				CLANG_CXX_LIBRARY = "libc++";
				CLANG_ENABLE_MODULES = YES;
				CLANG_ENABLE_OBJC_ARC = YES;
				CLANG_ENABLE_OBJC_WEAK = YES;
				CLANG_WARN_BLOCK_CAPTURE_AUTORELEASING = YES;
				CLANG_WARN_BOOL_CONVERSION = YES;
				CLANG_WARN_COMMA = YES;
				CLANG_WARN_CONSTANT_CONVERSION = YES;
				CLANG_WARN_DEPRECATED_OBJC_IMPLEMENTATIONS = YES;
				CLANG_WARN_DIRECT_OBJC_ISA_USAGE = YES_ERROR;
				CLANG_WARN_DOCUMENTATION_COMMENTS = YES;
				CLANG_WARN_EMPTY_BODY = YES;
				CLANG_WARN_ENUM_CONVERSION = YES;
				CLANG_WARN_INFINITE_RECURSION = YES;
				CLANG_WARN_INT_CONVERSION = YES;
				CLANG_WARN_NON_LITERAL_NULL_CONVERSION = YES;
				CLANG_WARN_OBJC_IMPLICIT_RETAIN_SELF = YES;
				CLANG_WARN_OBJC_LITERAL_CONVERSION = YES;
				CLANG_WARN_OBJC_ROOT_CLASS = YES_ERROR;
				CLANG_WARN_RANGE_LOOP_ANALYSIS = YES;
				CLANG_WARN_STRICT_PROTOTYPES = YES;
				CLANG_WARN_SUSPICIOUS_MOVE = YES;
				CLANG_WARN_UNGUARDED_AVAILABILITY = YES_AGGRESSIVE;
				CLANG_WARN_UNREACHABLE_CODE = YES;
				CLANG_WARN__DUPLICATE_METHOD_MATCH = YES;
				CODE_SIGN_IDENTITY = "iPhone Developer";
				COPY_PHASE_STRIP = NO;
				DEBUG_INFORMATION_FORMAT = dwarf;
				ENABLE_STRICT_OBJC_MSGSEND = YES;
				ENABLE_TESTABILITY = YES;
				GCC_C_LANGUAGE_STANDARD = gnu11;
				GCC_DYNAMIC_NO_PIC = NO;
				GCC_NO_COMMON_BLOCKS = YES;
				GCC_OPTIMIZATION_LEVEL = 0;
				GCC_PREPROCESSOR_DEFINITIONS = (
					"DEBUG=1",
					"$(inherited)",
				);
				GCC_WARN_64_TO_32_BIT_CONVERSION = YES;
				GCC_WARN_ABOUT_RETURN_TYPE = YES_ERROR;
				GCC_WARN_UNDECLARED_SELECTOR = YES;
				GCC_WARN_UNINITIALIZED_AUTOS = YES_AGGRESSIVE;
				GCC_WARN_UNUSED_FUNCTION = YES;
				GCC_WARN_UNUSED_VARIABLE = YES;
				IPHONEOS_DEPLOYMENT_TARGET = 12.0;
				MTL_ENABLE_DEBUG_INFO = INCLUDE_SOURCE;
				MTL_FAST_MATH = YES;
				ONLY_ACTIVE_ARCH = YES;
				SDKROOT = iphoneos;
				SWIFT_ACTIVE_COMPILATION_CONDITIONS = DEBUG;
				SWIFT_OPTIMIZATION_LEVEL = "-Onone";
			};
			name = Debug;
		};
		4E78E062221273850041EE18 /* Release */ = {
			isa = XCBuildConfiguration;
			buildSettings = {
				ALWAYS_SEARCH_USER_PATHS = NO;
				CLANG_ANALYZER_NONNULL = YES;
				CLANG_ANALYZER_NUMBER_OBJECT_CONVERSION = YES_AGGRESSIVE;
				CLANG_CXX_LANGUAGE_STANDARD = "gnu++14";
				CLANG_CXX_LIBRARY = "libc++";
				CLANG_ENABLE_MODULES = YES;
				CLANG_ENABLE_OBJC_ARC = YES;
				CLANG_ENABLE_OBJC_WEAK = YES;
				CLANG_WARN_BLOCK_CAPTURE_AUTORELEASING = YES;
				CLANG_WARN_BOOL_CONVERSION = YES;
				CLANG_WARN_COMMA = YES;
				CLANG_WARN_CONSTANT_CONVERSION = YES;
				CLANG_WARN_DEPRECATED_OBJC_IMPLEMENTATIONS = YES;
				CLANG_WARN_DIRECT_OBJC_ISA_USAGE = YES_ERROR;
				CLANG_WARN_DOCUMENTATION_COMMENTS = YES;
				CLANG_WARN_EMPTY_BODY = YES;
				CLANG_WARN_ENUM_CONVERSION = YES;
				CLANG_WARN_INFINITE_RECURSION = YES;
				CLANG_WARN_INT_CONVERSION = YES;
				CLANG_WARN_NON_LITERAL_NULL_CONVERSION = YES;
				CLANG_WARN_OBJC_IMPLICIT_RETAIN_SELF = YES;
				CLANG_WARN_OBJC_LITERAL_CONVERSION = YES;
				CLANG_WARN_OBJC_ROOT_CLASS = YES_ERROR;
				CLANG_WARN_RANGE_LOOP_ANALYSIS = YES;
				CLANG_WARN_STRICT_PROTOTYPES = YES;
				CLANG_WARN_SUSPICIOUS_MOVE = YES;
				CLANG_WARN_UNGUARDED_AVAILABILITY = YES_AGGRESSIVE;
				CLANG_WARN_UNREACHABLE_CODE = YES;
				CLANG_WARN__DUPLICATE_METHOD_MATCH = YES;
				CODE_SIGN_IDENTITY = "iPhone Developer";
				COPY_PHASE_STRIP = NO;
				DEBUG_INFORMATION_FORMAT = "dwarf-with-dsym";
				ENABLE_NS_ASSERTIONS = NO;
				ENABLE_STRICT_OBJC_MSGSEND = YES;
				GCC_C_LANGUAGE_STANDARD = gnu11;
				GCC_NO_COMMON_BLOCKS = YES;
				GCC_WARN_64_TO_32_BIT_CONVERSION = YES;
				GCC_WARN_ABOUT_RETURN_TYPE = YES_ERROR;
				GCC_WARN_UNDECLARED_SELECTOR = YES;
				GCC_WARN_UNINITIALIZED_AUTOS = YES_AGGRESSIVE;
				GCC_WARN_UNUSED_FUNCTION = YES;
				GCC_WARN_UNUSED_VARIABLE = YES;
				IPHONEOS_DEPLOYMENT_TARGET = 12.0;
				MTL_ENABLE_DEBUG_INFO = NO;
				MTL_FAST_MATH = YES;
				SDKROOT = iphoneos;
				SWIFT_COMPILATION_MODE = wholemodule;
				SWIFT_OPTIMIZATION_LEVEL = "-O";
				VALIDATE_PRODUCT = YES;
			};
			name = Release;
		};
		4E78E064221273850041EE18 /* Debug */ = {
			isa = XCBuildConfiguration;
			baseConfigurationReference = 5E7922D2C70B4F4D8EEFD1CC /* Pods-HappyLottery.debug.xcconfig */;
			buildSettings = {
				ASSETCATALOG_COMPILER_APPICON_NAME = AppIcon;
				CODE_SIGN_STYLE = Automatic;
				DEVELOPMENT_TEAM = P55D3D23US;
				FRAMEWORK_SEARCH_PATHS = (
					"$(inherited)",
					"$(PROJECT_DIR)/Carthage/Build/iOS",
				);
				INFOPLIST_FILE = HappyLottery/SupportingFiles/Info.plist;
				IPHONEOS_DEPLOYMENT_TARGET = 12.0;
				LD_RUNPATH_SEARCH_PATHS = (
					"$(inherited)",
					"@executable_path/Frameworks",
				);
				PRODUCT_BUNDLE_IDENTIFIER = com.hisayasugita.HappyLottery;
				PRODUCT_NAME = "$(TARGET_NAME)";
				SWIFT_VERSION = 4.2;
				TARGETED_DEVICE_FAMILY = "1,2";
			};
			name = Debug;
		};
		4E78E065221273850041EE18 /* Release */ = {
			isa = XCBuildConfiguration;
			baseConfigurationReference = 6EDC0746CED60390B78D7CFE /* Pods-HappyLottery.release.xcconfig */;
			buildSettings = {
				ASSETCATALOG_COMPILER_APPICON_NAME = AppIcon;
				CODE_SIGN_STYLE = Automatic;
				DEVELOPMENT_TEAM = P55D3D23US;
				FRAMEWORK_SEARCH_PATHS = (
					"$(inherited)",
					"$(PROJECT_DIR)/Carthage/Build/iOS",
				);
				INFOPLIST_FILE = HappyLottery/SupportingFiles/Info.plist;
				IPHONEOS_DEPLOYMENT_TARGET = 12.0;
				LD_RUNPATH_SEARCH_PATHS = (
					"$(inherited)",
					"@executable_path/Frameworks",
				);
				PRODUCT_BUNDLE_IDENTIFIER = com.hisayasugita.HappyLottery;
				PRODUCT_NAME = "$(TARGET_NAME)";
				SWIFT_VERSION = 4.2;
				TARGETED_DEVICE_FAMILY = "1,2";
			};
			name = Release;
		};
/* End XCBuildConfiguration section */

/* Begin XCConfigurationList section */
		4E78E04C221273830041EE18 /* Build configuration list for PBXProject "HappyLottery" */ = {
			isa = XCConfigurationList;
			buildConfigurations = (
				4E78E061221273850041EE18 /* Debug */,
				4E78E062221273850041EE18 /* Release */,
			);
			defaultConfigurationIsVisible = 0;
			defaultConfigurationName = Release;
		};
		4E78E063221273850041EE18 /* Build configuration list for PBXNativeTarget "HappyLottery" */ = {
			isa = XCConfigurationList;
			buildConfigurations = (
				4E78E064221273850041EE18 /* Debug */,
				4E78E065221273850041EE18 /* Release */,
			);
			defaultConfigurationIsVisible = 0;
			defaultConfigurationName = Release;
		};
/* End XCConfigurationList section */
	};
	rootObject = 4E78E049221273830041EE18 /* Project object */;
}
